
Microsoft Visual Studio Solution File, Format Version 12.00
# Visual Studio Version 17
VisualStudioVersion = 17.4.33122.133
MinimumVisualStudioVersion = 10.0.40219.1
Project("{FAE04EC0-301F-11D3-BF4B-00C04F79EFBC}") = "WFA1", "WFA1\WFA1.csproj", "{D008A4F2-F0FF-440D-9DDB-AEDAA4136CF8}"
EndProject
Global
	GlobalSection(SolutionConfigurationPlatforms) = preSolution
		Debug|Any CPU = Debug|Any CPU
		Release|Any CPU = Release|Any CPU
	EndGlobalSection
	GlobalSection(ProjectConfigurationPlatforms) = postSolution
		{D008A4F2-F0FF-440D-9DDB-AEDAA4136CF8}.Debug|Any CPU.ActiveCfg = Debug|Any CPU
		{D008A4F2-F0FF-440D-9DDB-AEDAA4136CF8}.Debug|Any CPU.Build.0 = Debug|Any CPU
		{D008A4F2-F0FF-440D-9DDB-AEDAA4136CF8}.Release|Any CPU.ActiveCfg = Release|Any CPU
		{D008A4F2-F0FF-440D-9DDB-AEDAA4136CF8}.Release|Any CPU.Build.0 = Release|Any CPU
	EndGlobalSection
	GlobalSection(SolutionProperties) = preSolution
		HideSolutionNode = FALSE
	EndGlobalSection
	GlobalSection(ExtensibilityGlobals) = postSolution
		SolutionGuid = {64CC78AD-6C4B-42E9-BB41-E3F163795E39}
	EndGlobalSection
EndGlobal
